{
  "generated_at": "2026-09-10T04:27:08.321989+00:00",
  "prefs": [
    {
      "files": [
        "src/user.js/50-ui-qol.js"
      ],
      "note": null,
      "pref": "apz.overscroll.enabled",
      "source": "YuzuFox",
      "value": true
    },
    {
      "files": [
        "src/user.js/50-ui-qol.js"
      ],
      "note": "disable about:config warning and welcome onboarding",
      "pref": "browser.aboutConfig.showWarning",
      "source": "Betterfox",
      "value": false
    },
    {
      "files": [
        "src/user.js/50-ui-qol.js"
      ],
      "note": null,
      "pref": "browser.aboutwelcome.enabled",
      "source": "YuzuFox",
      "value": false
    },
    {
      "files": [
        "src/user.js/50-ui-qol.js"
      ],
      "note": "keep bookmarks menu open on middle-click",
      "pref": "browser.bookmarks.openInTabClosesMenu",
      "source": "Betterfox",
      "value": false
    },
    {
      "files": [
        "src/user.js/50-ui-qol.js"
      ],
      "note": "enable compact density option",
      "pref": "browser.compactmode.show",
      "source": "Betterfox",
      "value": true
    },
    {
      "files": [
        "src/user.js/20-privacy.js"
      ],
      "note": "ETP strict mode and fingerprinting protection",
      "pref": "browser.contentblocking.category",
      "source": "Arkenfox + Betterfox",
      "value": "strict"
    },
    {
      "files": [
        "src/user.js/30-security.js"
      ],
      "note": "do not open download panel automatically",
      "pref": "browser.download.alwaysOpenPanel",
      "source": "Arkenfox",
      "value": false
    },
    {
      "files": [
        "src/user.js/30-security.js"
      ],
      "note": "always ask before handling new MIME types",
      "pref": "browser.download.always_ask_before_handling_new_types",
      "source": "Arkenfox",
      "value": true
    },
    {
      "files": [
        "src/user.js/30-security.js"
      ],
      "note": "do not add downloads to recent documents",
      "pref": "browser.download.manager.addToRecentDocs",
      "source": "Arkenfox + Betterfox",
      "value": false
    },
    {
      "files": [
        "src/user.js/50-ui-qol.js"
      ],
      "note": "open PDF attachments inline",
      "pref": "browser.download.open_pdf_attachments_inline",
      "source": "Betterfox",
      "value": true
    },
    {
      "files": [
        "src/user.js/30-security.js"
      ],
      "note": "isolate downloads in temp directory",
      "pref": "browser.download.start_downloads_in_tmp_dir",
      "source": "Arkenfox + Betterfox",
      "value": true
    },
    {
      "files": [
        "src/user.js/30-security.js"
      ],
      "note": "always prompt for download location",
      "pref": "browser.download.useDownloadDir",
      "source": "Arkenfox",
      "value": false
    },
    {
      "files": [
        "src/user.js/20-privacy.js"
      ],
      "note": "disable form autofill, addresses, credit cards, and saved passwords",
      "pref": "browser.formfill.enable",
      "source": "Arkenfox + Betterfox",
      "value": false
    },
    {
      "files": [
        "src/user.js/30-security.js"
      ],
      "note": "delete temp file after external app exits",
      "pref": "browser.helperApps.deleteTempFileOnExit",
      "source": "Arkenfox",
      "value": true
    },
    {
      "files": [
        "src/user.js/40-telemetry-connections.js"
      ],
      "note": "clear preloaded top sites",
      "pref": "browser.newtabpage.activity-stream.default.sites",
      "source": "Arkenfox + Betterfox",
      "value": ""
    },
    {
      "files": [
        "src/user.js/40-telemetry-connections.js"
      ],
      "note": "disable new tab page",
      "pref": "browser.newtabpage.enabled",
      "source": "Arkenfox",
      "value": false
    },
    {
      "files": [
        "src/user.js/10-network.js"
      ],
      "note": "disable bookmarks/history speculative connections",
      "pref": "browser.places.speculativeConnect.enabled",
      "source": "Arkenfox + Betterfox",
      "value": false
    },
    {
      "files": [
        "src/user.js/60-os-specific.js"
      ],
      "note": "keep private windows grouped in taskbar",
      "pref": "browser.privateWindowSeparation.enabled",
      "source": "Betterfox",
      "value": false
    },
    {
      "files": [
        "src/user.js/30-security.js"
      ],
      "note": "disable remote Safe Browsing download reputation",
      "pref": "browser.safebrowsing.downloads.remote.enabled",
      "source": "Arkenfox + Betterfox",
      "value": false
    },
    {
      "files": [
        "src/user.js/50-ui-qol.js"
      ],
      "note": null,
      "pref": "browser.search.separatePrivateDefault",
      "source": "YuzuFox",
      "value": true
    },
    {
      "files": [
        "src/user.js/50-ui-qol.js"
      ],
      "note": "separate search engine for private windows",
      "pref": "browser.search.separatePrivateDefault.ui.enabled",
      "source": "Arkenfox + Betterfox",
      "value": true
    },
    {
      "files": [
        "src/user.js/50-ui-qol.js"
      ],
      "note": "disable live search suggestions",
      "pref": "browser.search.suggest.enabled",
      "source": "Arkenfox + Betterfox",
      "value": false
    },
    {
      "files": [
        "src/user.js/20-privacy.js"
      ],
      "note": "disable hyperlink auditing pings",
      "pref": "browser.send_pings",
      "source": "Arkenfox + Betterfox",
      "value": false
    },
    {
      "files": [
        "src/user.js/40-telemetry-connections.js"
      ],
      "note": "write session state every 60 seconds",
      "pref": "browser.sessionstore.interval",
      "source": "Betterfox",
      "value": 60000
    },
    {
      "files": [
        "src/user.js/40-telemetry-connections.js"
      ],
      "note": "restore open URLs only, no form or auth session data",
      "pref": "browser.sessionstore.privacy_level",
      "source": "Arkenfox",
      "value": 2
    },
    {
      "files": [
        "src/user.js/40-telemetry-connections.js"
      ],
      "note": "load pinned tabs on demand when restoring session",
      "pref": "browser.sessionstore.restore_pinned_tabs_on_demand",
      "source": "Betterfox",
      "value": true
    },
    {
      "files": [
        "src/user.js/60-os-specific.js"
      ],
      "note": "disable taskbar shortcut favicons",
      "pref": "browser.shell.shortcutFavicons",
      "source": "Arkenfox",
      "value": false
    },
    {
      "files": [
        "src/user.js/40-telemetry-connections.js"
      ],
      "note": "set homepage to blank page",
      "pref": "browser.startup.homepage",
      "source": "Arkenfox",
      "value": "chrome://browser/content/blanktab.html"
    },
    {
      "files": [
        "src/user.js/40-telemetry-connections.js"
      ],
      "note": "set startup page to blank",
      "pref": "browser.startup.page",
      "source": "Arkenfox",
      "value": 0
    },
    {
      "files": [
        "src/user.js/50-ui-qol.js"
      ],
      "note": "open bookmarks in new tab",
      "pref": "browser.tabs.loadBookmarksInTabs",
      "source": "Betterfox",
      "value": true
    },
    {
      "files": [
        "src/user.js/50-ui-qol.js"
      ],
      "note": "disable middle-click clipboard search",
      "pref": "browser.tabs.searchclipboardfor.middleclick",
      "source": "Arkenfox",
      "value": false
    },
    {
      "files": [
        "src/user.js/50-ui-qol.js"
      ],
      "note": null,
      "pref": "browser.urlbar.amp.featureGate",
      "source": "YuzuFox",
      "value": false
    },
    {
      "files": [
        "src/user.js/50-ui-qol.js"
      ],
      "note": "disable urlbar suggestion group labels",
      "pref": "browser.urlbar.groupLabels.enabled",
      "source": "Betterfox",
      "value": false
    },
    {
      "files": [
        "src/user.js/50-ui-qol.js"
      ],
      "note": "disable urlbar feature gate suggestions",
      "pref": "browser.urlbar.importantDates.featureGate",
      "source": "Arkenfox",
      "value": false
    },
    {
      "files": [
        "src/user.js/50-ui-qol.js"
      ],
      "note": null,
      "pref": "browser.urlbar.market.featureGate",
      "source": "YuzuFox",
      "value": false
    },
    {
      "files": [
        "src/user.js/50-ui-qol.js"
      ],
      "note": null,
      "pref": "browser.urlbar.quicksuggest.enabled",
      "source": "YuzuFox",
      "value": false
    },
    {
      "files": [
        "src/user.js/50-ui-qol.js"
      ],
      "note": "show real URL instead of search terms in address bar",
      "pref": "browser.urlbar.showSearchTerms.enabled",
      "source": "Arkenfox",
      "value": false
    },
    {
      "files": [
        "src/user.js/10-network.js"
      ],
      "note": "disable urlbar speculative connections",
      "pref": "browser.urlbar.speculativeConnect.enabled",
      "source": "Betterfox",
      "value": false
    },
    {
      "files": [
        "src/user.js/50-ui-qol.js"
      ],
      "note": "disable urlbar suggestions and quicksuggest",
      "pref": "browser.urlbar.suggest.addons",
      "source": "cachyos-firefox-settings",
      "value": false
    },
    {
      "files": [
        "src/user.js/50-ui-qol.js"
      ],
      "note": null,
      "pref": "browser.urlbar.suggest.quicksuggest.nonsponsored",
      "source": "YuzuFox",
      "value": false
    },
    {
      "files": [
        "src/user.js/50-ui-qol.js"
      ],
      "note": null,
      "pref": "browser.urlbar.suggest.quicksuggest.sponsored",
      "source": "YuzuFox",
      "value": false
    },
    {
      "files": [
        "src/user.js/50-ui-qol.js"
      ],
      "note": null,
      "pref": "browser.urlbar.suggest.searches",
      "source": "YuzuFox",
      "value": false
    },
    {
      "files": [
        "src/user.js/50-ui-qol.js"
      ],
      "note": null,
      "pref": "browser.urlbar.suggest.trending",
      "source": "YuzuFox",
      "value": false
    },
    {
      "files": [
        "src/user.js/50-ui-qol.js"
      ],
      "note": null,
      "pref": "browser.urlbar.trending.featureGate",
      "source": "YuzuFox",
      "value": false
    },
    {
      "files": [
        "src/user.js/50-ui-qol.js"
      ],
      "note": "trim https scheme from urlbar, restore on interaction",
      "pref": "browser.urlbar.trimHttps",
      "source": "Betterfox",
      "value": true
    },
    {
      "files": [
        "src/user.js/50-ui-qol.js"
      ],
      "note": null,
      "pref": "browser.urlbar.untrimOnUserInteraction.featureGate",
      "source": "YuzuFox",
      "value": true
    },
    {
      "files": [
        "src/user.js/50-ui-qol.js"
      ],
      "note": null,
      "pref": "browser.urlbar.wikipedia.featureGate",
      "source": "YuzuFox",
      "value": false
    },
    {
      "files": [
        "src/user.js/50-ui-qol.js"
      ],
      "note": null,
      "pref": "browser.urlbar.yelpRealtime.featureGate",
      "source": "YuzuFox",
      "value": false
    },
    {
      "files": [
        "src/user.js/30-security.js"
      ],
      "note": "show advanced info on bad cert error pages",
      "pref": "browser.xul.error_pages.expert_bad_cert",
      "source": "Arkenfox + Betterfox",
      "value": true
    },
    {
      "files": [
        "src/user.js/20-privacy.js"
      ],
      "note": "disable device sensor APIs",
      "pref": "device.sensors.enabled",
      "source": "Arkenfox",
      "value": false
    },
    {
      "files": [
        "src/user.js/20-privacy.js"
      ],
      "note": "disable battery status API",
      "pref": "dom.battery.enabled",
      "source": "Arkenfox",
      "value": false
    },
    {
      "files": [
        "src/user.js/20-privacy.js"
      ],
      "note": "prevent scripts from moving or resizing windows",
      "pref": "dom.disable_window_move_resize",
      "source": "Arkenfox",
      "value": true
    },
    {
      "files": [
        "src/user.js/20-privacy.js"
      ],
      "note": "restrict popup events to click and dblclick",
      "pref": "dom.popup_allowed_events",
      "source": "Arkenfox + Betterfox",
      "value": "click dblclick"
    },
    {
      "files": [
        "src/user.js/20-privacy.js"
      ],
      "note": "enable HTTPS-Only mode",
      "pref": "dom.security.https_only_mode",
      "source": "Betterfox",
      "value": true
    },
    {
      "files": [
        "src/user.js/20-privacy.js"
      ],
      "note": "disable continue-to-HTTP suggestion on error page",
      "pref": "dom.security.https_only_mode_error_page_user_suggestions",
      "source": "Betterfox",
      "value": false
    },
    {
      "files": [
        "src/user.js/20-privacy.js"
      ],
      "note": "disable HTTP background probe",
      "pref": "dom.security.https_only_mode_send_http_background_request",
      "source": "Arkenfox",
      "value": false
    },
    {
      "files": [
        "src/user.js/20-privacy.js"
      ],
      "note": "preserve pasted text without truncation",
      "pref": "editor.truncate_user_pastes",
      "source": "Betterfox",
      "value": false
    },
    {
      "files": [
        "src/user.js/20-privacy.js"
      ],
      "note": null,
      "pref": "extensions.formautofill.addresses.enabled",
      "source": "YuzuFox",
      "value": false
    },
    {
      "files": [
        "src/user.js/20-privacy.js"
      ],
      "note": null,
      "pref": "extensions.formautofill.creditCards.enabled",
      "source": "YuzuFox",
      "value": false
    },
    {
      "files": [
        "src/user.js/30-security.js"
      ],
      "note": "enable SmartBlock webcompat shims",
      "pref": "extensions.webcompat.enable_shims",
      "source": "Arkenfox",
      "value": true
    },
    {
      "files": [
        "src/user.js/50-ui-qol.js"
      ],
      "note": "highlight all findbar matches and modal dimming",
      "pref": "findbar.highlightAll",
      "source": "Betterfox",
      "value": true
    },
    {
      "files": [
        "src/user.js/50-ui-qol.js"
      ],
      "note": null,
      "pref": "findbar.modalHighlight",
      "source": "YuzuFox",
      "value": true
    },
    {
      "files": [
        "src/user.js/50-ui-qol.js"
      ],
      "note": "instant fullscreen transitions",
      "pref": "full-screen-api.transition-duration.enter",
      "source": "Betterfox",
      "value": "0 0"
    },
    {
      "files": [
        "src/user.js/50-ui-qol.js"
      ],
      "note": null,
      "pref": "full-screen-api.transition-duration.leave",
      "source": "YuzuFox",
      "value": "0 0"
    },
    {
      "files": [
        "src/user.js/50-ui-qol.js"
      ],
      "note": null,
      "pref": "full-screen-api.warning.timeout",
      "source": "YuzuFox",
      "value": 0
    },
    {
      "files": [
        "src/user.js/60-os-specific.js"
      ],
      "note": "enable middle-click autoscroll (matches Windows behavior)",
      "pref": "general.autoScroll",
      "source": "Betterfox",
      "value": true
    },
    {
      "files": [
        "src/user.js/50-ui-qol.js"
      ],
      "note": null,
      "pref": "general.smoothScroll.currentVelocityWeighting",
      "source": "YuzuFox",
      "value": "1.0"
    },
    {
      "files": [
        "src/user.js/50-ui-qol.js"
      ],
      "note": "MSD physics smooth scrolling",
      "pref": "general.smoothScroll.msdPhysics.continuousMotionMaxDeltaMS",
      "source": "Betterfox",
      "value": 12
    },
    {
      "files": [
        "src/user.js/50-ui-qol.js"
      ],
      "note": null,
      "pref": "general.smoothScroll.msdPhysics.enabled",
      "source": "YuzuFox",
      "value": true
    },
    {
      "files": [
        "src/user.js/50-ui-qol.js"
      ],
      "note": null,
      "pref": "general.smoothScroll.msdPhysics.motionBeginSpringConstant",
      "source": "YuzuFox",
      "value": 200
    },
    {
      "files": [
        "src/user.js/50-ui-qol.js"
      ],
      "note": null,
      "pref": "general.smoothScroll.msdPhysics.regularSpringConstant",
      "source": "YuzuFox",
      "value": 250
    },
    {
      "files": [
        "src/user.js/50-ui-qol.js"
      ],
      "note": null,
      "pref": "general.smoothScroll.msdPhysics.slowdownMinDeltaMS",
      "source": "YuzuFox",
      "value": 25
    },
    {
      "files": [
        "src/user.js/50-ui-qol.js"
      ],
      "note": null,
      "pref": "general.smoothScroll.msdPhysics.slowdownMinDeltaRatio",
      "source": "YuzuFox",
      "value": "2.0"
    },
    {
      "files": [
        "src/user.js/50-ui-qol.js"
      ],
      "note": null,
      "pref": "general.smoothScroll.msdPhysics.slowdownSpringConstant",
      "source": "YuzuFox",
      "value": 250
    },
    {
      "files": [
        "src/user.js/50-ui-qol.js"
      ],
      "note": null,
      "pref": "general.smoothScroll.stopDecelerationWeighting",
      "source": "YuzuFox",
      "value": "1.0"
    },
    {
      "files": [
        "src/user.js/60-os-specific.js"
      ],
      "note": "disable Windows geolocation service",
      "pref": "geo.provider.ms-windows-location",
      "source": "Arkenfox",
      "value": false
    },
    {
      "files": [
        "src/user.js/20-privacy.js"
      ],
      "note": "use BeaconDB for geolocation",
      "pref": "geo.provider.network.url",
      "source": "Betterfox",
      "value": "https://beacondb.net/v1/geolocate"
    },
    {
      "files": [
        "src/user.js/60-os-specific.js"
      ],
      "note": "disable macOS CoreLocation geolocation",
      "pref": "geo.provider.use_corelocation",
      "source": "Arkenfox",
      "value": false
    },
    {
      "files": [
        "src/user.js/60-os-specific.js"
      ],
      "note": "disable Red Hat geoclue location service",
      "pref": "geo.provider.use_geoclue",
      "source": "Arkenfox",
      "value": false
    },
    {
      "files": [
        "src/user.js/50-ui-qol.js"
      ],
      "note": "enable CSS masonry layout",
      "pref": "layout.css.grid-template-masonry-value.enabled",
      "source": "YuzuFox",
      "value": true
    },
    {
      "files": [
        "src/user.js/50-ui-qol.js"
      ],
      "note": "block media autoplay with sound by default",
      "pref": "media.autoplay.default",
      "source": "Betterfox + Arkenfox",
      "value": 1
    },
    {
      "files": [
        "src/user.js/10-network.js"
      ],
      "note": "expose only public IP via WebRTC",
      "pref": "media.peerconnection.ice.default_address_only",
      "source": "Arkenfox",
      "value": true
    },
    {
      "files": [
        "src/user.js/50-ui-qol.js"
      ],
      "note": null,
      "pref": "mousewheel.default.delta_multiplier_y",
      "source": "YuzuFox",
      "value": 300
    },
    {
      "files": [
        "src/user.js/20-privacy.js"
      ],
      "note": "always show Punycode for IDNs",
      "pref": "network.IDN_show_punycode",
      "source": "Arkenfox + Betterfox",
      "value": true
    },
    {
      "files": [
        "src/user.js/20-privacy.js"
      ],
      "note": "block cross-origin subresource HTTP auth prompts",
      "pref": "network.auth.subresource-http-auth-allow",
      "source": "Arkenfox + Betterfox",
      "value": 1
    },
    {
      "files": [
        "src/user.js/20-privacy.js"
      ],
      "note": "opt-in cookie partitioning",
      "pref": "network.cookie.cookieBehavior.optInPartitioning",
      "source": "Arkenfox",
      "value": true
    },
    {
      "files": [
        "src/user.js/20-privacy.js"
      ],
      "note": null,
      "pref": "network.cookie.cookieBehavior.optInPartitioning.pbmode",
      "source": "YuzuFox",
      "value": true
    },
    {
      "files": [
        "src/user.js/10-network.js"
      ],
      "note": "disable DNS prefetching",
      "pref": "network.dns.disablePrefetch",
      "source": "Arkenfox + Betterfox",
      "value": true
    },
    {
      "files": [
        "src/user.js/10-network.js"
      ],
      "note": "disable DNS prefetch from HTTPS pages",
      "pref": "network.dns.disablePrefetchFromHTTPS",
      "source": "Arkenfox + Betterfox",
      "value": true
    },
    {
      "files": [
        "src/user.js/60-os-specific.js"
      ],
      "note": "block UNC paths as file URLs",
      "pref": "network.file.disable_unc_paths",
      "source": "Arkenfox",
      "value": true
    },
    {
      "files": [
        "src/user.js/10-network.js"
      ],
      "note": "disable HTTP/3 0-RTT",
      "pref": "network.http.http3.enable_0rtt",
      "source": "Betterfox",
      "value": false
    },
    {
      "files": [
        "src/user.js/20-privacy.js"
      ],
      "note": "trim cross-origin referrers to scheme+host+port",
      "pref": "network.http.referer.XOriginTrimmingPolicy",
      "source": "Arkenfox + Betterfox",
      "value": 2
    },
    {
      "files": [
        "src/user.js/20-privacy.js"
      ],
      "note": "do not spoof referrer source",
      "pref": "network.http.referer.spoofSource",
      "source": "Arkenfox",
      "value": false
    },
    {
      "files": [
        "src/user.js/10-network.js"
      ],
      "note": "disable link-mouseover speculative connections",
      "pref": "network.http.speculative-parallel-limit",
      "source": "Betterfox",
      "value": 0
    },
    {
      "files": [
        "src/user.js/20-privacy.js"
      ],
      "note": "disable silent Windows SSO authentication",
      "pref": "network.http.windows-sso.enabled",
      "source": "Arkenfox + Betterfox",
      "value": false
    },
    {
      "files": [
        "src/user.js/10-network.js"
      ],
      "note": "disable link prefetching",
      "pref": "network.prefetch-next",
      "source": "Arkenfox + Betterfox",
      "value": false
    },
    {
      "files": [
        "src/user.js/20-privacy.js"
      ],
      "note": "disable PDF.js scripting",
      "pref": "pdfjs.enableScripting",
      "source": "Arkenfox + Betterfox",
      "value": false
    },
    {
      "files": [
        "src/user.js/40-telemetry-connections.js"
      ],
      "note": "block desktop notifications by default",
      "pref": "permissions.default.desktop-notification",
      "source": "Arkenfox",
      "value": 2
    },
    {
      "files": [
        "src/user.js/20-privacy.js"
      ],
      "note": "block geolocation by default",
      "pref": "permissions.default.geo",
      "source": "Betterfox",
      "value": 2
    },
    {
      "files": [
        "src/user.js/40-telemetry-connections.js"
      ],
      "note": "clear default permissions URL",
      "pref": "permissions.manager.defaultsUrl",
      "source": "Arkenfox + Betterfox",
      "value": ""
    },
    {
      "files": [
        "src/user.js/20-privacy.js"
      ],
      "note": "strict tracking protection list channels",
      "pref": "privacy.annotate_channels.strict_list.enabled",
      "source": "Betterfox",
      "value": true
    },
    {
      "files": [
        "src/user.js/20-privacy.js"
      ],
      "note": "isolate content script resources",
      "pref": "privacy.antitracking.isolateContentScriptResources",
      "source": "Arkenfox + Betterfox",
      "value": true
    },
    {
      "files": [
        "src/user.js/20-privacy.js"
      ],
      "note": "bounce tracking protection purge mode",
      "pref": "privacy.bounceTrackingProtection.mode",
      "source": "Arkenfox + Betterfox",
      "value": 1
    },
    {
      "files": [
        "src/user.js/20-privacy.js"
      ],
      "note": null,
      "pref": "privacy.fingerprintingProtection",
      "source": "YuzuFox",
      "value": true
    },
    {
      "files": [
        "src/user.js/20-privacy.js"
      ],
      "note": null,
      "pref": "privacy.fingerprintingProtection.pbmode",
      "source": "YuzuFox",
      "value": true
    },
    {
      "files": [
        "src/user.js/20-privacy.js"
      ],
      "note": "disable legacy First Party Isolation",
      "pref": "privacy.firstparty.isolate",
      "source": "Arkenfox",
      "value": false
    },
    {
      "files": [
        "src/user.js/20-privacy.js"
      ],
      "note": "enable Global Privacy Control",
      "pref": "privacy.globalprivacycontrol.enabled",
      "source": "Betterfox",
      "value": true
    },
    {
      "files": [
        "src/user.js/20-privacy.js"
      ],
      "note": "strip tracking query parameters",
      "pref": "privacy.query_stripping.enabled",
      "source": "Arkenfox + Betterfox",
      "value": true
    },
    {
      "files": [
        "src/user.js/20-privacy.js"
      ],
      "note": null,
      "pref": "privacy.query_stripping.enabled.pbmode",
      "source": "YuzuFox",
      "value": true
    },
    {
      "files": [
        "src/user.js/20-privacy.js"
      ],
      "note": null,
      "pref": "privacy.query_stripping.strip_list",
      "source": "YuzuFox",
      "value": "__hsfp __hssc __hstc __s _hsenc _openstat dclid fbclid gbraid gclid hsCtaTracking igshid mc_eid ml_subscriber ml_subscriber_hash msclkid oft_c oft_ck oft_d oft_id oft_ids oft_k oft_lk oft_sk oly_anon_id oly_enc_id rb_clickid s_cid twclid vero_conv vero_id wbraid wickedid yclid"
    },
    {
      "files": [
        "src/user.js/50-ui-qol.js"
      ],
      "note": "enable Container Tabs, UI, and open container menu on new tab left click",
      "pref": "privacy.userContext.enabled",
      "source": "Arkenfox + Mozilla",
      "value": true
    },
    {
      "files": [
        "src/user.js/50-ui-qol.js"
      ],
      "note": null,
      "pref": "privacy.userContext.newTabContainerOnLeftClick.enabled",
      "source": "YuzuFox",
      "value": true
    },
    {
      "files": [
        "src/user.js/50-ui-qol.js"
      ],
      "note": null,
      "pref": "privacy.userContext.ui.enabled",
      "source": "YuzuFox",
      "value": true
    },
    {
      "files": [
        "src/user.js/30-security.js"
      ],
      "note": "disable OCSP in favor of CRLite",
      "pref": "security.OCSP.enabled",
      "source": "Betterfox",
      "value": 0
    },
    {
      "files": [
        "src/user.js/30-security.js"
      ],
      "note": "strict Public Key Pinning",
      "pref": "security.cert_pinning.enforcement_level",
      "source": "Arkenfox",
      "value": 2
    },
    {
      "files": [
        "src/user.js/20-privacy.js"
      ],
      "note": "disable CSP reporting",
      "pref": "security.csp.reporting.enabled",
      "source": "Arkenfox + Betterfox",
      "value": false
    },
    {
      "files": [
        "src/user.js/30-security.js"
      ],
      "note": "add delay on security confirmation dialogs",
      "pref": "security.dialog_enable_delay",
      "source": "Arkenfox",
      "value": 1000
    },
    {
      "files": [
        "src/user.js/30-security.js"
      ],
      "note": "enforce CRLite mode 2",
      "pref": "security.pki.crlite_mode",
      "source": "Arkenfox",
      "value": 2
    },
    {
      "files": [
        "src/user.js/30-security.js"
      ],
      "note": null,
      "pref": "security.remote_settings.crlite_filters.enabled",
      "source": "YuzuFox",
      "value": true
    },
    {
      "files": [
        "src/user.js/30-security.js"
      ],
      "note": "require safe TLS renegotiation",
      "pref": "security.ssl.require_safe_negotiation",
      "source": "Arkenfox",
      "value": true
    },
    {
      "files": [
        "src/user.js/30-security.js"
      ],
      "note": "warn on unsafe SSL renegotiation",
      "pref": "security.ssl.treat_unsafe_negotiation_as_broken",
      "source": "Arkenfox + Betterfox",
      "value": true
    },
    {
      "files": [
        "src/user.js/30-security.js"
      ],
      "note": "disable TLS 1.3 0-RTT",
      "pref": "security.tls.enable_0rtt_data",
      "source": "Arkenfox + Betterfox",
      "value": false
    },
    {
      "files": [
        "src/user.js/30-security.js"
      ],
      "note": "disable deprecated TLS versions",
      "pref": "security.tls.version.enable-deprecated",
      "source": "Arkenfox",
      "value": false
    },
    {
      "files": [
        "src/user.js/30-security.js"
      ],
      "note": "disable passkey direct attestation",
      "pref": "security.webauthn.always_allow_direct_attestation",
      "source": "Arkenfox",
      "value": false
    },
    {
      "files": [
        "src/user.js/20-privacy.js"
      ],
      "note": "disable password autofill",
      "pref": "signon.autofillForms",
      "source": "Arkenfox",
      "value": false
    },
    {
      "files": [
        "src/user.js/20-privacy.js"
      ],
      "note": "disable formless and private browsing password capture",
      "pref": "signon.formlessCapture.enabled",
      "source": "Arkenfox + Betterfox",
      "value": false
    },
    {
      "files": [
        "src/user.js/20-privacy.js"
      ],
      "note": null,
      "pref": "signon.privateBrowsingCapture.enabled",
      "source": "YuzuFox",
      "value": false
    },
    {
      "files": [
        "src/user.js/20-privacy.js"
      ],
      "note": null,
      "pref": "signon.rememberSignons",
      "source": "YuzuFox",
      "value": false
    },
    {
      "files": [
        "src/user.js/50-ui-qol.js"
      ],
      "note": "enable userChrome/userContent stylesheets",
      "pref": "toolkit.legacyUserProfileCustomizations.stylesheets",
      "source": "Betterfox",
      "value": true
    },
    {
      "files": [
        "src/user.js/60-os-specific.js"
      ],
      "note": "disable Windows taskbar restart registration",
      "pref": "toolkit.winRegisterApplicationRestart",
      "source": "Arkenfox",
      "value": false
    },
    {
      "files": [
        "src/user.js/30-security.js"
      ],
      "note": "URL classifier skip lists for social embeds",
      "pref": "urlclassifier.features.socialtracking.skipURLs",
      "source": "YuzuFox",
      "value": "*.instagram.com, *.twitter.com, *.twimg.com, *.x.com"
    },
    {
      "files": [
        "src/user.js/30-security.js"
      ],
      "note": null,
      "pref": "urlclassifier.trackingSkipURLs",
      "source": "YuzuFox",
      "value": "*.reddit.com, *.twitter.com, *.twimg.com, *.x.com"
    },
    {
      "files": [
        "src/user.js/60-os-specific.js"
      ],
      "note": "use XDG portal file picker",
      "pref": "widget.use-xdg-desktop-portal.file-picker",
      "source": "cachyos-firefox-settings",
      "value": 1
    }
  ],
  "sources": [
    "src/user.js/00-header.js",
    "src/user.js/10-network.js",
    "src/user.js/20-privacy.js",
    "src/user.js/30-security.js",
    "src/user.js/40-telemetry-connections.js",
    "src/user.js/50-ui-qol.js",
    "src/user.js/60-os-specific.js"
  ]
}
