{
  "generated_at": "2026-08-11T03:07:32.942871+00:00",
  "prefs": [
    {
      "files": [
        "src/user.js/50-ui-qol.js"
      ],
      "note": "keep bookmarks menu open after middle-click opening a bookmark",
      "pref": "browser.bookmarks.openInTabClosesMenu",
      "source": "Betterfox",
      "value": false
    },
    {
      "files": [
        "src/user.js/50-ui-qol.js"
      ],
      "note": "restore compact density option (removed in Proton redesign)",
      "pref": "browser.compactmode.show",
      "source": "Betterfox",
      "value": true
    },
    {
      "files": [
        "src/user.js/20-privacy.js"
      ],
      "note": "ETP Strict enables Total Cookie Protection + FPP for fingerprinting defense",
      "pref": "browser.contentblocking.category",
      "source": "Arkenfox + Betterfox",
      "value": "strict"
    },
    {
      "files": [
        "src/user.js/30-security.js"
      ],
      "note": "prevents the downloads panel from stealing focus on every download",
      "pref": "browser.download.alwaysOpenPanel",
      "source": "Arkenfox",
      "value": false
    },
    {
      "files": [
        "src/user.js/30-security.js"
      ],
      "note": "forces explicit user approval before handling unfamiliar MIME types, blocking silent drive-by execution",
      "pref": "browser.download.always_ask_before_handling_new_types",
      "source": "Arkenfox",
      "value": true
    },
    {
      "files": [
        "src/user.js/30-security.js"
      ],
      "note": "keeps download filenames out of the OS recent documents list, which is visible to other applications",
      "pref": "browser.download.manager.addToRecentDocs",
      "source": "Arkenfox + Betterfox",
      "value": false
    },
    {
      "files": [
        "src/user.js/50-ui-qol.js"
      ],
      "note": "open PDF attachments in-browser instead of downloading to temp",
      "pref": "browser.download.open_pdf_attachments_inline",
      "source": "Betterfox",
      "value": true
    },
    {
      "files": [
        "src/user.js/30-security.js"
      ],
      "note": "isolates downloads in /tmp to avoid file-system fingerprinting of the profile directory",
      "pref": "browser.download.start_downloads_in_tmp_dir",
      "source": "Arkenfox + Betterfox",
      "value": true
    },
    {
      "files": [
        "src/user.js/30-security.js"
      ],
      "note": "forces a save dialog so the user consciously chooses the download location, blocking drive-by saves",
      "pref": "browser.download.useDownloadDir",
      "source": "Arkenfox",
      "value": false
    },
    {
      "files": [
        "src/user.js/30-security.js"
      ],
      "note": null,
      "pref": "browser.download.viewableInternally.typeWasRegistered.pdf",
      "source": "YuzuFox",
      "value": false
    },
    {
      "files": [
        "src/user.js/20-privacy.js"
      ],
      "note": "autocomplete form data readable by third parties; password mgr delegated to external store",
      "pref": "browser.formfill.enable",
      "source": "Arkenfox + Betterfox",
      "value": false
    },
    {
      "files": [
        "src/user.js/30-security.js"
      ],
      "note": "cleans up the temp file after the external helper application exits",
      "pref": "browser.helperApps.deleteTempFileOnExit",
      "source": "Arkenfox",
      "value": true
    },
    {
      "files": [
        "src/user.js/40-telemetry-connections.js"
      ],
      "note": "clear preloaded default top sites (Facebook, YouTube, etc.) to avoid automated connections to those domains",
      "pref": "browser.newtabpage.activity-stream.default.sites",
      "source": "Arkenfox + Betterfox",
      "value": ""
    },
    {
      "files": [
        "src/user.js/40-telemetry-connections.js"
      ],
      "note": "disable Activity Stream on new tabs to prevent content loads and network requests",
      "pref": "browser.newtabpage.enabled",
      "source": "Arkenfox",
      "value": false
    },
    {
      "files": [
        "src/user.js/10-network.js"
      ],
      "note": "bookmarks/history pre-connections on mousedown",
      "pref": "browser.places.speculativeConnect.enabled",
      "source": "Arkenfox + Betterfox",
      "value": false
    },
    {
      "files": [
        "src/user.js/30-security.js"
      ],
      "note": "sends file name, origin, size and hash to Google SB for remote lookup",
      "pref": "browser.safebrowsing.downloads.remote.enabled",
      "source": "Arkenfox + Betterfox",
      "value": false
    },
    {
      "files": [
        "src/user.js/50-ui-qol.js"
      ],
      "note": "show per-window search-engine picker in search settings",
      "pref": "browser.search.separatePrivateDefault.ui.enabled",
      "source": "Arkenfox + Betterfox",
      "value": true
    },
    {
      "files": [
        "src/user.js/40-telemetry-connections.js"
      ],
      "note": "never store form content, cookies, or POST data in the session — restore open URLs only",
      "pref": "browser.sessionstore.privacy_level",
      "source": "Arkenfox",
      "value": 2
    },
    {
      "files": [
        "src/user.js/60-os-specific.js"
      ],
      "note": "disable taskbar favicons and app restart registration",
      "pref": "browser.shell.shortcutFavicons",
      "source": "Arkenfox",
      "value": false
    },
    {
      "files": [
        "src/user.js/40-telemetry-connections.js"
      ],
      "note": "blank inline page — no external content, no network round-trips at startup or new window",
      "pref": "browser.startup.homepage",
      "source": "Arkenfox",
      "value": "chrome://browser/content/blanktab.html"
    },
    {
      "files": [
        "src/user.js/40-telemetry-connections.js"
      ],
      "note": "quiet startup and disable push/attribution pings",
      "pref": "browser.startup.page",
      "source": "Arkenfox",
      "value": 0
    },
    {
      "files": [
        "src/user.js/50-ui-qol.js"
      ],
      "note": null,
      "pref": "browser.tabs.firefox-view",
      "source": "YuzuFox",
      "value": false
    },
    {
      "files": [
        "src/user.js/50-ui-qol.js"
      ],
      "note": null,
      "pref": "browser.tabs.firefox-view-next",
      "source": "YuzuFox",
      "value": false
    },
    {
      "files": [
        "src/user.js/50-ui-qol.js"
      ],
      "note": "disable middle-click clipboard search",
      "pref": "browser.tabs.searchclipboardfor.middleclick",
      "source": "Arkenfox",
      "value": false
    },
    {
      "files": [
        "src/user.js/50-ui-qol.js"
      ],
      "note": "hide \"Firefox Suggest\" section labels in urlbar dropdown",
      "pref": "browser.urlbar.groupLabels.enabled",
      "source": "Betterfox",
      "value": false
    },
    {
      "files": [
        "src/user.js/50-ui-qol.js"
      ],
      "note": "disable Important Dates urlbar suggestion (privacy; not a needed feature)",
      "pref": "browser.urlbar.importantDates.featureGate",
      "source": "Arkenfox",
      "value": false
    },
    {
      "files": [
        "src/user.js/50-ui-qol.js"
      ],
      "note": "disable stock-market urlbar suggestion (privacy; not a needed feature)",
      "pref": "browser.urlbar.market.featureGate",
      "source": "Arkenfox",
      "value": false
    },
    {
      "files": [
        "src/user.js/50-ui-qol.js"
      ],
      "note": "QuickSuggest master switch + sponsored/nonsponsored off",
      "pref": "browser.urlbar.quicksuggest.enabled",
      "source": "cachyos-firefox-settings",
      "value": false
    },
    {
      "files": [
        "src/user.js/50-ui-qol.js"
      ],
      "note": "show real URL on search-results pages, not the typed search query",
      "pref": "browser.urlbar.showSearchTerms.enabled",
      "source": "Arkenfox",
      "value": false
    },
    {
      "files": [
        "src/user.js/10-network.js"
      ],
      "note": "urlbar pre-connects to autofill candidates",
      "pref": "browser.urlbar.speculativeConnect.enabled",
      "source": "Arkenfox + Betterfox",
      "value": false
    },
    {
      "files": [
        "src/user.js/50-ui-qol.js"
      ],
      "note": null,
      "pref": "browser.urlbar.suggest.addons",
      "source": "YuzuFox",
      "value": false
    },
    {
      "files": [
        "src/user.js/50-ui-qol.js"
      ],
      "note": null,
      "pref": "browser.urlbar.suggest.quicksuggest.fakespot",
      "source": "YuzuFox",
      "value": false
    },
    {
      "files": [
        "src/user.js/50-ui-qol.js"
      ],
      "note": null,
      "pref": "browser.urlbar.suggest.quicksuggest.nonsponsored",
      "source": "YuzuFox",
      "value": false
    },
    {
      "files": [
        "src/user.js/50-ui-qol.js"
      ],
      "note": null,
      "pref": "browser.urlbar.suggest.quicksuggest.sponsored",
      "source": "YuzuFox",
      "value": false
    },
    {
      "files": [
        "src/user.js/50-ui-qol.js"
      ],
      "note": null,
      "pref": "browser.urlbar.suggest.quicksuggest.topsites",
      "source": "YuzuFox",
      "value": false
    },
    {
      "files": [
        "src/user.js/50-ui-qol.js"
      ],
      "note": null,
      "pref": "browser.urlbar.suggest.trending",
      "source": "YuzuFox",
      "value": false
    },
    {
      "files": [
        "src/user.js/50-ui-qol.js"
      ],
      "note": "disable trending urlbar suggestions (noise + extra network requests)",
      "pref": "browser.urlbar.trending.featureGate",
      "source": "Arkenfox + Betterfox",
      "value": false
    },
    {
      "files": [
        "src/user.js/50-ui-qol.js"
      ],
      "note": "hide https:// scheme in address bar; copied URL still includes it",
      "pref": "browser.urlbar.trimHttps",
      "source": "Betterfox",
      "value": true
    },
    {
      "files": [
        "src/user.js/50-ui-qol.js"
      ],
      "note": "restore full URL on address-bar click, re-trim on blur",
      "pref": "browser.urlbar.untrimOnUserInteraction.featureGate",
      "source": "Betterfox",
      "value": true
    },
    {
      "files": [
        "src/user.js/50-ui-qol.js"
      ],
      "note": "disable Yelp realtime urlbar suggestion (privacy; not a needed feature)",
      "pref": "browser.urlbar.yelpRealtime.featureGate",
      "source": "Arkenfox",
      "value": false
    },
    {
      "files": [
        "src/user.js/30-security.js"
      ],
      "note": "show advanced info on insecure-connection pages",
      "pref": "browser.xul.error_pages.expert_bad_cert",
      "source": "Arkenfox + Betterfox",
      "value": true
    },
    {
      "files": [
        "src/user.js/20-privacy.js"
      ],
      "note": "sensor API disabled per Arkenfox 4200+",
      "pref": "device.sensors.enabled",
      "source": "Arkenfox",
      "value": false
    },
    {
      "files": [
        "src/user.js/20-privacy.js"
      ],
      "note": "battery API disabled per Arkenfox 4200+",
      "pref": "dom.battery.enabled",
      "source": "Arkenfox",
      "value": false
    },
    {
      "files": [
        "src/user.js/20-privacy.js"
      ],
      "note": "prevent scripts from repositioning window — anti-spoofing/phishing defense",
      "pref": "dom.disable_window_move_resize",
      "source": "Arkenfox",
      "value": true
    },
    {
      "files": [
        "src/user.js/20-privacy.js"
      ],
      "note": "clipboard event access disabled",
      "pref": "dom.event.clipboardevents.enabled",
      "source": "Arkenfox",
      "value": false
    },
    {
      "files": [
        "src/user.js/40-telemetry-connections.js"
      ],
      "note": null,
      "pref": "dom.private-attribution.submission.enabled",
      "source": "YuzuFox",
      "value": false
    },
    {
      "files": [
        "src/user.js/20-privacy.js"
      ],
      "note": "HTTPS-only, tracking protection, and query stripping",
      "pref": "dom.security.https_only_mode",
      "source": "Betterfox",
      "value": true
    },
    {
      "files": [
        "src/user.js/20-privacy.js"
      ],
      "note": "no \"continue to HTTP\" suggestion on error page",
      "pref": "dom.security.https_only_mode_error_page_user_suggestions",
      "source": "Betterfox",
      "value": false
    },
    {
      "files": [
        "src/user.js/20-privacy.js"
      ],
      "note": "disable the 3s cleartext HTTP probe — leaks visited domain in plaintext",
      "pref": "dom.security.https_only_mode_send_http_background_request",
      "source": "Arkenfox",
      "value": false
    },
    {
      "files": [
        "src/user.js/20-privacy.js"
      ],
      "note": "prevent silent password truncation on paste into maxlength fields",
      "pref": "editor.truncate_user_pastes",
      "source": "Betterfox",
      "value": false
    },
    {
      "files": [
        "src/user.js/50-ui-qol.js"
      ],
      "note": "turn on \"Highlight All\" matches in find bar by default",
      "pref": "findbar.highlightAll",
      "source": "Betterfox",
      "value": true
    },
    {
      "files": [
        "src/user.js/50-ui-qol.js"
      ],
      "note": "remove fullscreen entry fade animation (instant; default 200ms)",
      "pref": "full-screen-api.transition-duration.enter",
      "source": "Betterfox",
      "value": "0 0"
    },
    {
      "files": [
        "src/user.js/50-ui-qol.js"
      ],
      "note": "remove fullscreen exit fade animation (instant; default 200ms)",
      "pref": "full-screen-api.transition-duration.leave",
      "source": "Betterfox",
      "value": "0 0"
    },
    {
      "files": [
        "src/user.js/50-ui-qol.js"
      ],
      "note": "suppress fullscreen warning overlay (default 3s popup; set 1250 if concerned)",
      "pref": "full-screen-api.warning.timeout",
      "source": "Betterfox",
      "value": 0
    },
    {
      "files": [
        "src/user.js/50-ui-qol.js"
      ],
      "note": null,
      "pref": "general.smoothScroll.currentVelocityWeighting",
      "source": "YuzuFox",
      "value": "1.0"
    },
    {
      "files": [
        "src/user.js/50-ui-qol.js"
      ],
      "note": "tighten MSD motion-update interval for responsive scroll feel (12ms)",
      "pref": "general.smoothScroll.msdPhysics.continuousMotionMaxDeltaMS",
      "source": "Betterfox",
      "value": 12
    },
    {
      "files": [
        "src/user.js/50-ui-qol.js"
      ],
      "note": "enable mass-spring-damper physics scrolling (more natural than step-based)",
      "pref": "general.smoothScroll.msdPhysics.enabled",
      "source": "Betterfox",
      "value": true
    },
    {
      "files": [
        "src/user.js/50-ui-qol.js"
      ],
      "note": null,
      "pref": "general.smoothScroll.msdPhysics.motionBeginSpringConstant",
      "source": "YuzuFox",
      "value": 200
    },
    {
      "files": [
        "src/user.js/50-ui-qol.js"
      ],
      "note": null,
      "pref": "general.smoothScroll.msdPhysics.regularSpringConstant",
      "source": "YuzuFox",
      "value": 250
    },
    {
      "files": [
        "src/user.js/50-ui-qol.js"
      ],
      "note": "start momentum-deceleration updates sooner for faster scroll dampening",
      "pref": "general.smoothScroll.msdPhysics.slowdownMinDeltaMS",
      "source": "Betterfox",
      "value": 25
    },
    {
      "files": [
        "src/user.js/50-ui-qol.js"
      ],
      "note": null,
      "pref": "general.smoothScroll.msdPhysics.slowdownMinDeltaRatio",
      "source": "YuzuFox",
      "value": "2.0"
    },
    {
      "files": [
        "src/user.js/50-ui-qol.js"
      ],
      "note": "moderate slowdown spring tension for controlled momentum fade",
      "pref": "general.smoothScroll.msdPhysics.slowdownSpringConstant",
      "source": "Betterfox",
      "value": 250
    },
    {
      "files": [
        "src/user.js/50-ui-qol.js"
      ],
      "note": null,
      "pref": "general.smoothScroll.stopDecelerationWeighting",
      "source": "YuzuFox",
      "value": "1.0"
    },
    {
      "files": [
        "src/user.js/60-os-specific.js"
      ],
      "note": "disable Windows geolocation and UNC paths",
      "pref": "geo.provider.ms-windows-location",
      "source": "Arkenfox",
      "value": false
    },
    {
      "files": [
        "src/user.js/20-privacy.js"
      ],
      "note": "disable Google network geolocation",
      "pref": "geo.provider.network.url",
      "source": "Betterfox",
      "value": ""
    },
    {
      "files": [
        "src/user.js/60-os-specific.js"
      ],
      "note": "disable macOS CoreLocation geolocation",
      "pref": "geo.provider.use_corelocation",
      "source": "Arkenfox",
      "value": false
    },
    {
      "files": [
        "src/user.js/60-os-specific.js"
      ],
      "note": "disable Red Hat geoclue location service",
      "pref": "geo.provider.use_geoclue",
      "source": "Arkenfox",
      "value": false
    },
    {
      "files": [
        "src/user.js/50-ui-qol.js"
      ],
      "note": null,
      "pref": "layout.css.grid-template-masonry-value.enabled",
      "source": "YuzuFox",
      "value": true
    },
    {
      "files": [
        "src/user.js/10-network.js"
      ],
      "note": "WebRTC local-IP leak prevention",
      "pref": "media.peerconnection.ice.default_address_only",
      "source": "Arkenfox",
      "value": true
    },
    {
      "files": [
        "src/user.js/50-ui-qol.js"
      ],
      "note": "boost scroll-wheel speed to 3x (default 100; tune to preference)",
      "pref": "mousewheel.default.delta_multiplier_y",
      "source": "Betterfox",
      "value": 300
    },
    {
      "files": [
        "src/user.js/20-privacy.js"
      ],
      "note": "show raw punycode to defeat IDN homograph attacks (e.g. Cyrillic apple.com)",
      "pref": "network.IDN_show_punycode",
      "source": "Arkenfox + Betterfox",
      "value": true
    },
    {
      "files": [
        "src/user.js/20-privacy.js"
      ],
      "note": "value 1 blocks cross-origin auth prompts — prevents credential phishing",
      "pref": "network.auth.subresource-http-auth-allow",
      "source": "Arkenfox + Betterfox",
      "value": 1
    },
    {
      "files": [
        "src/user.js/20-privacy.js"
      ],
      "note": null,
      "pref": "network.cookie.cookieBehavior.optInPartitioning",
      "source": "YuzuFox",
      "value": true
    },
    {
      "files": [
        "src/user.js/20-privacy.js"
      ],
      "note": null,
      "pref": "network.cookie.cookieBehavior.optInPartitioning.pbmode",
      "source": "YuzuFox",
      "value": true
    },
    {
      "files": [
        "src/user.js/10-network.js"
      ],
      "note": "DNS prefetch leaks browsed domains to the resolver",
      "pref": "network.dns.disablePrefetch",
      "source": "Arkenfox + Betterfox",
      "value": true
    },
    {
      "files": [
        "src/user.js/10-network.js"
      ],
      "note": "DNS prefetch from HTTPS pages leaks domain info",
      "pref": "network.dns.disablePrefetchFromHTTPS",
      "source": "Arkenfox + Betterfox",
      "value": true
    },
    {
      "files": [
        "src/user.js/60-os-specific.js"
      ],
      "note": "block UNC paths as file URLs",
      "pref": "network.file.disable_unc_paths",
      "source": "Arkenfox",
      "value": true
    },
    {
      "files": [
        "src/user.js/60-os-specific.js"
      ],
      "note": "block GVfs from acting as protocol handler",
      "pref": "network.gio.supported-protocols",
      "source": "Arkenfox",
      "value": ""
    },
    {
      "files": [
        "src/user.js/10-network.js"
      ],
      "note": null,
      "pref": "network.http.http3.enable_0rtt",
      "source": "YuzuFox",
      "value": false
    },
    {
      "files": [
        "src/user.js/20-privacy.js"
      ],
      "note": "value 2=only scheme+host+port — strips path and query from cross-origin referrers",
      "pref": "network.http.referer.XOriginTrimmingPolicy",
      "source": "Arkenfox + Betterfox",
      "value": 2
    },
    {
      "files": [
        "src/user.js/10-network.js"
      ],
      "note": "prevent silent pre-connections on link mouseover",
      "pref": "network.http.speculative-parallel-limit",
      "source": "Arkenfox + Betterfox",
      "value": 0
    },
    {
      "files": [
        "src/user.js/10-network.js"
      ],
      "note": "predictor-initiated prefetch leaks future intent",
      "pref": "network.predictor.enable-prefetch",
      "source": "Arkenfox",
      "value": false
    },
    {
      "files": [
        "src/user.js/10-network.js"
      ],
      "note": "predictor learns browsing patterns; leaks habits",
      "pref": "network.predictor.enabled",
      "source": "Arkenfox",
      "value": false
    },
    {
      "files": [
        "src/user.js/10-network.js"
      ],
      "note": "block speculative page prefetch via link tags",
      "pref": "network.prefetch-next",
      "source": "Arkenfox + Betterfox",
      "value": false
    },
    {
      "files": [
        "src/user.js/20-privacy.js"
      ],
      "note": "embedded JS in PDFs is a malware/exploit vector — PDF rendering only",
      "pref": "pdfjs.enableScripting",
      "source": "Arkenfox + Betterfox",
      "value": false
    },
    {
      "files": [
        "src/user.js/40-telemetry-connections.js"
      ],
      "note": null,
      "pref": "permissions.default.desktop-notification",
      "source": "YuzuFox",
      "value": 2
    },
    {
      "files": [
        "src/user.js/20-privacy.js"
      ],
      "note": "geolocation default-blocked, allow per site",
      "pref": "permissions.default.geo",
      "source": "Betterfox",
      "value": 2
    },
    {
      "files": [
        "src/user.js/40-telemetry-connections.js"
      ],
      "note": "Firefox ships a permissions file that auto-grants special privileges to mozilla.org domains — clear it",
      "pref": "permissions.manager.defaultsUrl",
      "source": "Arkenfox + Betterfox",
      "value": ""
    },
    {
      "files": [
        "src/user.js/20-privacy.js"
      ],
      "note": "block referrer and storage access via content scripts (cross-origin bridge)",
      "pref": "privacy.antitracking.isolateContentScriptResources",
      "source": "Arkenfox + Betterfox",
      "value": true
    },
    {
      "files": [
        "src/user.js/20-privacy.js"
      ],
      "note": null,
      "pref": "privacy.fingerprintingProtection",
      "source": "YuzuFox",
      "value": true
    },
    {
      "files": [
        "src/user.js/20-privacy.js"
      ],
      "note": "signal Do Not Sell/Share to sites — legal privacy right under CCPA/GDPR",
      "pref": "privacy.globalprivacycontrol.enabled",
      "source": "Betterfox",
      "value": true
    },
    {
      "files": [
        "src/user.js/20-privacy.js"
      ],
      "note": null,
      "pref": "privacy.query_stripping.strip_list",
      "source": "YuzuFox",
      "value": "__hsfp __hssc __hstc __s _hsenc _openstat dclid fbclid gbraid gclid hsCtaTracking igshid mc_eid ml_subscriber ml_subscriber_hash msclkid oft_c oft_ck oft_d oft_id oft_ids oft_k oft_lk oft_sk oly_anon_id oly_enc_id rb_clickid s_cid twclid vero_conv vero_id wbraid wickedid yclid"
    },
    {
      "files": [
        "src/user.js/50-ui-qol.js"
      ],
      "note": "enable Container Tabs engine (site isolation without separate profiles)",
      "pref": "privacy.userContext.enabled",
      "source": "Arkenfox",
      "value": true
    },
    {
      "files": [
        "src/user.js/50-ui-qol.js"
      ],
      "note": null,
      "pref": "privacy.userContext.longPressBehavior",
      "source": "YuzuFox",
      "value": 2
    },
    {
      "files": [
        "src/user.js/50-ui-qol.js"
      ],
      "note": "show Container Tabs UI (context menu + new-tab button picker)",
      "pref": "privacy.userContext.ui.enabled",
      "source": "Arkenfox + Betterfox",
      "value": true
    },
    {
      "files": [
        "src/user.js/30-security.js"
      ],
      "note": "offline CRLite revocation + no speculative connections",
      "pref": "security.OCSP.enabled",
      "source": "Betterfox",
      "value": 0
    },
    {
      "files": [
        "src/user.js/30-security.js"
      ],
      "note": "strict PKP to prevent certificate MiTM by hostile CAs",
      "pref": "security.cert_pinning.enforcement_level",
      "source": "Arkenfox",
      "value": 2
    },
    {
      "files": [
        "src/user.js/20-privacy.js"
      ],
      "note": "CSP reports leak referrer and policy details to third-party endpoints",
      "pref": "security.csp.reporting.enabled",
      "source": "Arkenfox + Betterfox",
      "value": false
    },
    {
      "files": [
        "src/user.js/30-security.js"
      ],
      "note": "block servers lacking RFC 5746 renegotiation (MiTM CVE-2009-3555)",
      "pref": "security.ssl.require_safe_negotiation",
      "source": "Arkenfox",
      "value": true
    },
    {
      "files": [
        "src/user.js/30-security.js"
      ],
      "note": "padlock warning on unsafe renegotiation",
      "pref": "security.ssl.treat_unsafe_negotiation_as_broken",
      "source": "Arkenfox + Betterfox",
      "value": true
    },
    {
      "files": [
        "src/user.js/30-security.js"
      ],
      "note": "0-RTT not forward secret; allows cross-connection replay",
      "pref": "security.tls.enable_0rtt_data",
      "source": "Arkenfox + Betterfox",
      "value": false
    },
    {
      "files": [
        "src/user.js/20-privacy.js"
      ],
      "note": "auto-fill leaks credentials via cross-site forms and spoofed fields",
      "pref": "signon.autofillForms",
      "source": "Arkenfox",
      "value": false
    },
    {
      "files": [
        "src/user.js/20-privacy.js"
      ],
      "note": "block password capture on non-standard login forms (attack surface reduction)",
      "pref": "signon.formlessCapture.enabled",
      "source": "Arkenfox + Betterfox",
      "value": false
    },
    {
      "files": [
        "src/user.js/20-privacy.js"
      ],
      "note": "no credential capture in private windows — defeats PB isolation purpose",
      "pref": "signon.privateBrowsingCapture.enabled",
      "source": "Betterfox",
      "value": false
    },
    {
      "files": [
        "src/user.js/20-privacy.js"
      ],
      "note": null,
      "pref": "signon.rememberSignons",
      "source": "YuzuFox",
      "value": false
    },
    {
      "files": [
        "src/user.js/50-ui-qol.js"
      ],
      "note": "compact UI, URL-bar cleanup, and physics scrolling",
      "pref": "toolkit.legacyUserProfileCustomizations.stylesheets",
      "source": "Betterfox",
      "value": true
    },
    {
      "files": [
        "src/user.js/60-os-specific.js"
      ],
      "note": "disable Windows taskbar restart registration",
      "pref": "toolkit.winRegisterApplicationRestart",
      "source": "Arkenfox",
      "value": false
    },
    {
      "files": [
        "src/user.js/30-security.js"
      ],
      "note": null,
      "pref": "urlclassifier.features.socialtracking.skipURLs",
      "source": "YuzuFox",
      "value": "*.instagram.com, *.twitter.com, *.twimg.com"
    },
    {
      "files": [
        "src/user.js/30-security.js"
      ],
      "note": null,
      "pref": "urlclassifier.trackingSkipURLs",
      "source": "YuzuFox",
      "value": "*.reddit.com, *.twitter.com, *.twimg.com"
    },
    {
      "files": [
        "src/user.js/60-os-specific.js"
      ],
      "note": "use the portal file picker instead of the GTK native dialog",
      "pref": "widget.use-xdg-desktop-portal.file-picker",
      "source": "cachyos-firefox-settings",
      "value": 1
    }
  ],
  "sources": [
    "src/user.js/00-header.js",
    "src/user.js/10-network.js",
    "src/user.js/20-privacy.js",
    "src/user.js/30-security.js",
    "src/user.js/40-telemetry-connections.js",
    "src/user.js/50-ui-qol.js",
    "src/user.js/60-os-specific.js"
  ]
}
