{
  "generated_at": "2026-08-10T12:26:22.035107+00:00",
  "prefs": [
    {
      "files": [
        "src/user.js/50-ui-qol.js"
      ],
      "note": "audited against upstream user.js",
      "pref": "browser.bookmarks.openInTabClosesMenu",
      "source": "Betterfox",
      "value": false
    },
    {
      "files": [
        "src/user.js/45-performance.js"
      ],
      "note": "RAM-only cache and JIT/GC tuning for responsiveness",
      "pref": "browser.cache.disk.enable",
      "source": "Betterfox",
      "value": false
    },
    {
      "files": [
        "src/user.js/45-performance.js"
      ],
      "note": "1 GB memory cache",
      "pref": "browser.cache.memory.capacity",
      "source": "Betterfox + CachyOS",
      "value": 1048576
    },
    {
      "files": [
        "src/user.js/50-ui-qol.js"
      ],
      "note": "audited against upstream user.js",
      "pref": "browser.compactmode.show",
      "source": "Betterfox",
      "value": true
    },
    {
      "files": [
        "src/user.js/20-privacy.js"
      ],
      "note": "audited against upstream user.js",
      "pref": "browser.contentblocking.category",
      "source": "Arkenfox + Betterfox",
      "value": "strict"
    },
    {
      "files": [
        "src/user.js/30-security.js"
      ],
      "note": "audited against upstream user.js",
      "pref": "browser.download.alwaysOpenPanel",
      "source": "Arkenfox",
      "value": false
    },
    {
      "files": [
        "src/user.js/30-security.js"
      ],
      "note": "audited against upstream user.js",
      "pref": "browser.download.always_ask_before_handling_new_types",
      "source": "Arkenfox",
      "value": true
    },
    {
      "files": [
        "src/user.js/30-security.js"
      ],
      "note": "audited against upstream user.js",
      "pref": "browser.download.manager.addToRecentDocs",
      "source": "Arkenfox + Betterfox",
      "value": false
    },
    {
      "files": [
        "src/user.js/50-ui-qol.js"
      ],
      "note": "audited against upstream user.js",
      "pref": "browser.download.open_pdf_attachments_inline",
      "source": "Betterfox",
      "value": true
    },
    {
      "files": [
        "src/user.js/30-security.js"
      ],
      "note": "audited against upstream user.js",
      "pref": "browser.download.start_downloads_in_tmp_dir",
      "source": "Arkenfox + Betterfox",
      "value": true
    },
    {
      "files": [
        "src/user.js/30-security.js"
      ],
      "note": "audited against upstream user.js",
      "pref": "browser.download.useDownloadDir",
      "source": "Arkenfox",
      "value": false
    },
    {
      "files": [
        "src/user.js/30-security.js"
      ],
      "note": null,
      "pref": "browser.download.viewableInternally.typeWasRegistered.pdf",
      "source": "YuzuFox",
      "value": false
    },
    {
      "files": [
        "src/user.js/20-privacy.js"
      ],
      "note": "audited against upstream user.js",
      "pref": "browser.formfill.enable",
      "source": "Arkenfox + Betterfox",
      "value": false
    },
    {
      "files": [
        "src/user.js/30-security.js"
      ],
      "note": "audited against upstream user.js",
      "pref": "browser.helperApps.deleteTempFileOnExit",
      "source": "Arkenfox",
      "value": true
    },
    {
      "files": [
        "src/user.js/40-telemetry-connections.js"
      ],
      "note": "audited against upstream user.js",
      "pref": "browser.newtabpage.activity-stream.default.sites",
      "source": "Arkenfox + Betterfox",
      "value": ""
    },
    {
      "files": [
        "src/user.js/40-telemetry-connections.js"
      ],
      "note": "audited against upstream user.js",
      "pref": "browser.newtabpage.enabled",
      "source": "Arkenfox",
      "value": false
    },
    {
      "files": [
        "src/user.js/10-network.js"
      ],
      "note": "audited against upstream user.js",
      "pref": "browser.places.speculativeConnect.enabled",
      "source": "Arkenfox + Betterfox",
      "value": false
    },
    {
      "files": [
        "src/user.js/45-performance.js"
      ],
      "note": "audited against upstream user.js",
      "pref": "browser.privatebrowsing.forceMediaMemoryCache",
      "source": "Arkenfox + Betterfox",
      "value": true
    },
    {
      "files": [
        "src/user.js/30-security.js"
      ],
      "note": "audited against upstream user.js",
      "pref": "browser.safebrowsing.downloads.remote.enabled",
      "source": "Arkenfox + Betterfox",
      "value": false
    },
    {
      "files": [
        "src/user.js/50-ui-qol.js"
      ],
      "note": "audited against upstream user.js",
      "pref": "browser.search.separatePrivateDefault.ui.enabled",
      "source": "Arkenfox + Betterfox",
      "value": true
    },
    {
      "files": [
        "src/user.js/45-performance.js"
      ],
      "note": null,
      "pref": "browser.sessionhistory.max_total_viewers",
      "source": "YuzuFox",
      "value": 10
    },
    {
      "files": [
        "src/user.js/40-telemetry-connections.js"
      ],
      "note": "audited against upstream user.js",
      "pref": "browser.sessionstore.privacy_level",
      "source": "Arkenfox",
      "value": 2
    },
    {
      "files": [
        "src/user.js/60-os-specific.js"
      ],
      "note": "disable taskbar favicons and app restart registration",
      "pref": "browser.shell.shortcutFavicons",
      "source": "Arkenfox",
      "value": false
    },
    {
      "files": [
        "src/user.js/40-telemetry-connections.js"
      ],
      "note": "audited against upstream user.js",
      "pref": "browser.startup.homepage",
      "source": "Arkenfox",
      "value": "chrome://browser/content/blanktab.html"
    },
    {
      "files": [
        "src/user.js/40-telemetry-connections.js"
      ],
      "note": "quiet startup and disable push/attribution pings",
      "pref": "browser.startup.page",
      "source": "Arkenfox",
      "value": 0
    },
    {
      "files": [
        "src/user.js/50-ui-qol.js"
      ],
      "note": null,
      "pref": "browser.tabs.firefox-view",
      "source": "YuzuFox",
      "value": false
    },
    {
      "files": [
        "src/user.js/50-ui-qol.js"
      ],
      "note": null,
      "pref": "browser.tabs.firefox-view-next",
      "source": "YuzuFox",
      "value": false
    },
    {
      "files": [
        "src/user.js/50-ui-qol.js"
      ],
      "note": "disable middle-click clipboard search",
      "pref": "browser.tabs.searchclipboardfor.middleclick",
      "source": "Arkenfox",
      "value": false
    },
    {
      "files": [
        "src/user.js/45-performance.js"
      ],
      "note": "tab unloading under memory pressure",
      "pref": "browser.tabs.unloadOnLowMemory",
      "source": "CachyOS",
      "value": true
    },
    {
      "files": [
        "src/user.js/50-ui-qol.js"
      ],
      "note": "audited against upstream user.js",
      "pref": "browser.urlbar.groupLabels.enabled",
      "source": "Betterfox",
      "value": false
    },
    {
      "files": [
        "src/user.js/50-ui-qol.js"
      ],
      "note": "audited against upstream user.js",
      "pref": "browser.urlbar.importantDates.featureGate",
      "source": "Arkenfox",
      "value": false
    },
    {
      "files": [
        "src/user.js/50-ui-qol.js"
      ],
      "note": "audited against upstream user.js",
      "pref": "browser.urlbar.market.featureGate",
      "source": "Arkenfox",
      "value": false
    },
    {
      "files": [
        "src/user.js/50-ui-qol.js"
      ],
      "note": "QuickSuggest master switch + sponsored/nonsponsored off",
      "pref": "browser.urlbar.quicksuggest.enabled",
      "source": "CachyOS",
      "value": false
    },
    {
      "files": [
        "src/user.js/50-ui-qol.js"
      ],
      "note": "audited against upstream user.js",
      "pref": "browser.urlbar.showSearchTerms.enabled",
      "source": "Arkenfox",
      "value": false
    },
    {
      "files": [
        "src/user.js/10-network.js"
      ],
      "note": "audited against upstream user.js",
      "pref": "browser.urlbar.speculativeConnect.enabled",
      "source": "Arkenfox + Betterfox",
      "value": false
    },
    {
      "files": [
        "src/user.js/50-ui-qol.js"
      ],
      "note": null,
      "pref": "browser.urlbar.suggest.addons",
      "source": "YuzuFox",
      "value": false
    },
    {
      "files": [
        "src/user.js/50-ui-qol.js"
      ],
      "note": null,
      "pref": "browser.urlbar.suggest.quicksuggest.fakespot",
      "source": "YuzuFox",
      "value": false
    },
    {
      "files": [
        "src/user.js/50-ui-qol.js"
      ],
      "note": null,
      "pref": "browser.urlbar.suggest.quicksuggest.nonsponsored",
      "source": "YuzuFox",
      "value": false
    },
    {
      "files": [
        "src/user.js/50-ui-qol.js"
      ],
      "note": null,
      "pref": "browser.urlbar.suggest.quicksuggest.sponsored",
      "source": "YuzuFox",
      "value": false
    },
    {
      "files": [
        "src/user.js/50-ui-qol.js"
      ],
      "note": null,
      "pref": "browser.urlbar.suggest.quicksuggest.topsites",
      "source": "YuzuFox",
      "value": false
    },
    {
      "files": [
        "src/user.js/50-ui-qol.js"
      ],
      "note": null,
      "pref": "browser.urlbar.suggest.trending",
      "source": "YuzuFox",
      "value": false
    },
    {
      "files": [
        "src/user.js/50-ui-qol.js"
      ],
      "note": "audited against upstream user.js",
      "pref": "browser.urlbar.trending.featureGate",
      "source": "Arkenfox + Betterfox",
      "value": false
    },
    {
      "files": [
        "src/user.js/50-ui-qol.js"
      ],
      "note": "audited against upstream user.js",
      "pref": "browser.urlbar.trimHttps",
      "source": "Betterfox",
      "value": true
    },
    {
      "files": [
        "src/user.js/50-ui-qol.js"
      ],
      "note": "audited against upstream user.js",
      "pref": "browser.urlbar.untrimOnUserInteraction.featureGate",
      "source": "Betterfox",
      "value": true
    },
    {
      "files": [
        "src/user.js/50-ui-qol.js"
      ],
      "note": "audited against upstream user.js",
      "pref": "browser.urlbar.yelpRealtime.featureGate",
      "source": "Arkenfox",
      "value": false
    },
    {
      "files": [
        "src/user.js/10-network.js"
      ],
      "note": "audited against upstream user.js",
      "pref": "browser.xul.error_pages.expert_bad_cert",
      "source": "Arkenfox + Betterfox",
      "value": true
    },
    {
      "files": [
        "src/user.js/45-performance.js"
      ],
      "note": "audited against upstream user.js",
      "pref": "content.notify.interval",
      "source": "Betterfox",
      "value": 100000
    },
    {
      "files": [
        "src/user.js/20-privacy.js"
      ],
      "note": "sensor API disabled per Arkenfox 4200+",
      "pref": "device.sensors.enabled",
      "source": "Arkenfox",
      "value": false
    },
    {
      "files": [
        "src/user.js/20-privacy.js"
      ],
      "note": "battery API disabled per Arkenfox 4200+",
      "pref": "dom.battery.enabled",
      "source": "Arkenfox",
      "value": false
    },
    {
      "files": [
        "src/user.js/20-privacy.js"
      ],
      "note": "audited against upstream user.js",
      "pref": "dom.disable_window_move_resize",
      "source": "Arkenfox",
      "value": true
    },
    {
      "files": [
        "src/user.js/20-privacy.js"
      ],
      "note": "clipboard event access disabled",
      "pref": "dom.event.clipboardevents.enabled",
      "source": "Arkenfox",
      "value": false
    },
    {
      "files": [
        "src/user.js/40-telemetry-connections.js"
      ],
      "note": null,
      "pref": "dom.private-attribution.submission.enabled",
      "source": "YuzuFox",
      "value": false
    },
    {
      "files": [
        "src/user.js/20-privacy.js"
      ],
      "note": "HTTPS-only, tracking protection, and query stripping",
      "pref": "dom.security.https_only_mode",
      "source": "Betterfox",
      "value": true
    },
    {
      "files": [
        "src/user.js/20-privacy.js"
      ],
      "note": "no \"continue to HTTP\" suggestion on error page",
      "pref": "dom.security.https_only_mode_error_page_user_suggestions",
      "source": "Betterfox",
      "value": false
    },
    {
      "files": [
        "src/user.js/20-privacy.js"
      ],
      "note": "audited against upstream user.js",
      "pref": "dom.security.https_only_mode_send_http_background_request",
      "source": "Arkenfox",
      "value": false
    },
    {
      "files": [
        "src/user.js/20-privacy.js"
      ],
      "note": "audited against upstream user.js",
      "pref": "editor.truncate_user_pastes",
      "source": "Betterfox",
      "value": false
    },
    {
      "files": [
        "src/user.js/50-ui-qol.js"
      ],
      "note": "audited against upstream user.js",
      "pref": "findbar.highlightAll",
      "source": "Betterfox",
      "value": true
    },
    {
      "files": [
        "src/user.js/50-ui-qol.js"
      ],
      "note": "audited against upstream user.js",
      "pref": "full-screen-api.transition-duration.enter",
      "source": "Betterfox",
      "value": "0 0"
    },
    {
      "files": [
        "src/user.js/50-ui-qol.js"
      ],
      "note": "audited against upstream user.js",
      "pref": "full-screen-api.transition-duration.leave",
      "source": "Betterfox",
      "value": "0 0"
    },
    {
      "files": [
        "src/user.js/50-ui-qol.js"
      ],
      "note": "audited against upstream user.js",
      "pref": "full-screen-api.warning.timeout",
      "source": "Betterfox",
      "value": 0
    },
    {
      "files": [
        "src/user.js/50-ui-qol.js"
      ],
      "note": null,
      "pref": "general.smoothScroll.currentVelocityWeighting",
      "source": "YuzuFox",
      "value": "1.0"
    },
    {
      "files": [
        "src/user.js/50-ui-qol.js"
      ],
      "note": "audited against upstream user.js",
      "pref": "general.smoothScroll.msdPhysics.continuousMotionMaxDeltaMS",
      "source": "Betterfox",
      "value": 12
    },
    {
      "files": [
        "src/user.js/50-ui-qol.js"
      ],
      "note": "audited against upstream user.js",
      "pref": "general.smoothScroll.msdPhysics.enabled",
      "source": "Betterfox",
      "value": true
    },
    {
      "files": [
        "src/user.js/50-ui-qol.js"
      ],
      "note": null,
      "pref": "general.smoothScroll.msdPhysics.motionBeginSpringConstant",
      "source": "YuzuFox",
      "value": 200
    },
    {
      "files": [
        "src/user.js/50-ui-qol.js"
      ],
      "note": null,
      "pref": "general.smoothScroll.msdPhysics.regularSpringConstant",
      "source": "YuzuFox",
      "value": 250
    },
    {
      "files": [
        "src/user.js/50-ui-qol.js"
      ],
      "note": "audited against upstream user.js",
      "pref": "general.smoothScroll.msdPhysics.slowdownMinDeltaMS",
      "source": "Betterfox",
      "value": 25
    },
    {
      "files": [
        "src/user.js/50-ui-qol.js"
      ],
      "note": null,
      "pref": "general.smoothScroll.msdPhysics.slowdownMinDeltaRatio",
      "source": "YuzuFox",
      "value": "2.0"
    },
    {
      "files": [
        "src/user.js/50-ui-qol.js"
      ],
      "note": "audited against upstream user.js",
      "pref": "general.smoothScroll.msdPhysics.slowdownSpringConstant",
      "source": "Betterfox",
      "value": 250
    },
    {
      "files": [
        "src/user.js/50-ui-qol.js"
      ],
      "note": null,
      "pref": "general.smoothScroll.stopDecelerationWeighting",
      "source": "YuzuFox",
      "value": "1.0"
    },
    {
      "files": [
        "src/user.js/60-os-specific.js"
      ],
      "note": "disable Windows geolocation and UNC paths",
      "pref": "geo.provider.ms-windows-location",
      "source": "Arkenfox",
      "value": false
    },
    {
      "files": [
        "src/user.js/20-privacy.js"
      ],
      "note": "disable Google network geolocation",
      "pref": "geo.provider.network.url",
      "source": "Betterfox",
      "value": ""
    },
    {
      "files": [
        "src/user.js/60-os-specific.js"
      ],
      "note": "disable macOS CoreLocation geolocation",
      "pref": "geo.provider.use_corelocation",
      "source": "Arkenfox",
      "value": false
    },
    {
      "files": [
        "src/user.js/60-os-specific.js"
      ],
      "note": "disable Red Hat geoclue location service",
      "pref": "geo.provider.use_geoclue",
      "source": "Arkenfox",
      "value": false
    },
    {
      "files": [
        "src/user.js/45-performance.js"
      ],
      "note": "canvas cache items + size for GPU acceleration",
      "pref": "gfx.canvas.accelerated.cache-items",
      "source": "CachyOS",
      "value": 32768
    },
    {
      "files": [
        "src/user.js/45-performance.js"
      ],
      "note": "4 MB canvas cache for GPU-accelerated canvas apps",
      "pref": "gfx.canvas.accelerated.cache-size",
      "source": "CachyOS",
      "value": 4096
    },
    {
      "files": [
        "src/user.js/45-performance.js"
      ],
      "note": "80 MB Skia font cache, faster text rendering",
      "pref": "gfx.content.skia-font-cache-size",
      "source": "CachyOS",
      "value": 80
    },
    {
      "files": [
        "src/user.js/45-performance.js"
      ],
      "note": "image decode cache tuning",
      "pref": "image.cache.size",
      "source": "CachyOS",
      "value": 10485760
    },
    {
      "files": [
        "src/user.js/45-performance.js"
      ],
      "note": "64 KB decode chunks for faster image rendering",
      "pref": "image.mem.decode_bytes_at_a_time",
      "source": "CachyOS",
      "value": 65536
    },
    {
      "files": [
        "src/user.js/45-performance.js"
      ],
      "note": null,
      "pref": "image.mem.shared.unmap.min_expiration_ms",
      "source": "YuzuFox",
      "value": 120000
    },
    {
      "files": [
        "src/user.js/45-performance.js"
      ],
      "note": "audited against upstream user.js",
      "pref": "javascript.options.baselinejit.threshold",
      "source": "Betterfox",
      "value": 50
    },
    {
      "files": [
        "src/user.js/45-performance.js"
      ],
      "note": "IonMonkey aggressive warm-up, safe on modern hardware",
      "pref": "javascript.options.ion.threshold",
      "source": "CachyOS",
      "value": 500
    },
    {
      "files": [
        "src/user.js/50-ui-qol.js"
      ],
      "note": null,
      "pref": "layout.css.grid-template-masonry-value.enabled",
      "source": "YuzuFox",
      "value": true
    },
    {
      "files": [
        "src/user.js/45-performance.js"
      ],
      "note": "5 = block all, same as upstream cachyos.js",
      "pref": "media.autoplay.default",
      "source": "CachyOS",
      "value": 5
    },
    {
      "files": [
        "src/user.js/45-performance.js"
      ],
      "note": "double read-ahead and resume threshold",
      "pref": "media.cache_readahead_limit",
      "source": "CachyOS",
      "value": 7200
    },
    {
      "files": [
        "src/user.js/45-performance.js"
      ],
      "note": null,
      "pref": "media.cache_resume_threshold",
      "source": "YuzuFox",
      "value": 3600
    },
    {
      "files": [
        "src/user.js/45-performance.js"
      ],
      "note": "media cache stays in RAM, not disk",
      "pref": "media.memory_cache_max_size",
      "source": "CachyOS",
      "value": 1048576
    },
    {
      "files": [
        "src/user.js/45-performance.js"
      ],
      "note": null,
      "pref": "media.memory_caches_combined_limit_kb",
      "source": "YuzuFox",
      "value": 3145728
    },
    {
      "files": [
        "src/user.js/10-network.js"
      ],
      "note": "WebRTC local-IP leak prevention",
      "pref": "media.peerconnection.ice.default_address_only",
      "source": "Arkenfox",
      "value": true
    },
    {
      "files": [
        "src/user.js/50-ui-qol.js"
      ],
      "note": "audited against upstream user.js",
      "pref": "mousewheel.default.delta_multiplier_y",
      "source": "Betterfox",
      "value": 300
    },
    {
      "files": [
        "src/user.js/20-privacy.js"
      ],
      "note": "audited against upstream user.js",
      "pref": "network.IDN_show_punycode",
      "source": "Arkenfox + Betterfox",
      "value": true
    },
    {
      "files": [
        "src/user.js/20-privacy.js"
      ],
      "note": "audited against upstream user.js",
      "pref": "network.auth.subresource-http-auth-allow",
      "source": "Arkenfox + Betterfox",
      "value": 1
    },
    {
      "files": [
        "src/user.js/45-performance.js"
      ],
      "note": "audited against upstream user.js",
      "pref": "network.buffer.cache.count",
      "source": "Betterfox",
      "value": 48
    },
    {
      "files": [
        "src/user.js/45-performance.js"
      ],
      "note": "audited against upstream user.js",
      "pref": "network.buffer.cache.size",
      "source": "Betterfox",
      "value": 65535
    },
    {
      "files": [
        "src/user.js/20-privacy.js"
      ],
      "note": null,
      "pref": "network.cookie.cookieBehavior.optInPartitioning",
      "source": "YuzuFox",
      "value": true
    },
    {
      "files": [
        "src/user.js/20-privacy.js"
      ],
      "note": null,
      "pref": "network.cookie.cookieBehavior.optInPartitioning.pbmode",
      "source": "YuzuFox",
      "value": true
    },
    {
      "files": [
        "src/user.js/10-network.js"
      ],
      "note": "audited against upstream user.js",
      "pref": "network.dns.disablePrefetch",
      "source": "Arkenfox + Betterfox",
      "value": true
    },
    {
      "files": [
        "src/user.js/10-network.js"
      ],
      "note": "audited against upstream user.js",
      "pref": "network.dns.disablePrefetchFromHTTPS",
      "source": "Arkenfox + Betterfox",
      "value": true
    },
    {
      "files": [
        "src/user.js/45-performance.js"
      ],
      "note": "audited against upstream user.js",
      "pref": "network.dnsCacheExpiration",
      "source": "Betterfox",
      "value": 3600
    },
    {
      "files": [
        "src/user.js/60-os-specific.js"
      ],
      "note": "block UNC paths as file URLs",
      "pref": "network.file.disable_unc_paths",
      "source": "Arkenfox",
      "value": true
    },
    {
      "files": [
        "src/user.js/60-os-specific.js"
      ],
      "note": "block GVfs from acting as protocol handler",
      "pref": "network.gio.supported-protocols",
      "source": "Arkenfox",
      "value": ""
    },
    {
      "files": [
        "src/user.js/45-performance.js"
      ],
      "note": null,
      "pref": "network.http.http3.enable",
      "source": "YuzuFox",
      "value": true
    },
    {
      "files": [
        "src/user.js/10-network.js"
      ],
      "note": null,
      "pref": "network.http.http3.enable_0rtt",
      "source": "YuzuFox",
      "value": false
    },
    {
      "files": [
        "src/user.js/45-performance.js"
      ],
      "note": "audited against upstream user.js",
      "pref": "network.http.max-connections",
      "source": "Betterfox",
      "value": 1800
    },
    {
      "files": [
        "src/user.js/45-performance.js"
      ],
      "note": "audited against upstream user.js",
      "pref": "network.http.max-persistent-connections-per-server",
      "source": "Betterfox",
      "value": 10
    },
    {
      "files": [
        "src/user.js/45-performance.js"
      ],
      "note": "audited against upstream user.js",
      "pref": "network.http.max-urgent-start-excessive-connections-per-host",
      "source": "Betterfox",
      "value": 5
    },
    {
      "files": [
        "src/user.js/45-performance.js"
      ],
      "note": "disable request pacing for lower latency",
      "pref": "network.http.pacing.requests.enabled",
      "source": "CachyOS",
      "value": false
    },
    {
      "files": [
        "src/user.js/20-privacy.js"
      ],
      "note": "audited against upstream user.js",
      "pref": "network.http.referer.XOriginTrimmingPolicy",
      "source": "Arkenfox + Betterfox",
      "value": 2
    },
    {
      "files": [
        "src/user.js/45-performance.js"
      ],
      "note": "audited against upstream user.js",
      "pref": "network.http.request.max-start-delay",
      "source": "Betterfox",
      "value": 5
    },
    {
      "files": [
        "src/user.js/10-network.js"
      ],
      "note": "audited against upstream user.js",
      "pref": "network.http.speculative-parallel-limit",
      "source": "Arkenfox + Betterfox",
      "value": 0
    },
    {
      "files": [
        "src/user.js/10-network.js"
      ],
      "note": "audited against upstream user.js",
      "pref": "network.predictor.enable-prefetch",
      "source": "Arkenfox",
      "value": false
    },
    {
      "files": [
        "src/user.js/10-network.js"
      ],
      "note": "audited against upstream user.js",
      "pref": "network.predictor.enabled",
      "source": "Arkenfox",
      "value": false
    },
    {
      "files": [
        "src/user.js/10-network.js"
      ],
      "note": "audited against upstream user.js",
      "pref": "network.prefetch-next",
      "source": "Arkenfox + Betterfox",
      "value": false
    },
    {
      "files": [
        "src/user.js/45-performance.js"
      ],
      "note": "TLS session cache",
      "pref": "network.ssl_tokens_cache_capacity",
      "source": "Betterfox + CachyOS",
      "value": 32768
    },
    {
      "files": [
        "src/user.js/20-privacy.js"
      ],
      "note": "audited against upstream user.js",
      "pref": "pdfjs.enableScripting",
      "source": "Arkenfox + Betterfox",
      "value": false
    },
    {
      "files": [
        "src/user.js/40-telemetry-connections.js"
      ],
      "note": null,
      "pref": "permissions.default.desktop-notification",
      "source": "YuzuFox",
      "value": 2
    },
    {
      "files": [
        "src/user.js/20-privacy.js"
      ],
      "note": "geolocation default-blocked, allow per site",
      "pref": "permissions.default.geo",
      "source": "Betterfox",
      "value": 2
    },
    {
      "files": [
        "src/user.js/40-telemetry-connections.js"
      ],
      "note": "audited against upstream user.js",
      "pref": "permissions.manager.defaultsUrl",
      "source": "Arkenfox + Betterfox",
      "value": ""
    },
    {
      "files": [
        "src/user.js/20-privacy.js"
      ],
      "note": "audited against upstream user.js",
      "pref": "privacy.antitracking.isolateContentScriptResources",
      "source": "Arkenfox + Betterfox",
      "value": true
    },
    {
      "files": [
        "src/user.js/20-privacy.js"
      ],
      "note": null,
      "pref": "privacy.fingerprintingProtection",
      "source": "YuzuFox",
      "value": true
    },
    {
      "files": [
        "src/user.js/20-privacy.js"
      ],
      "note": "audited against upstream user.js",
      "pref": "privacy.globalprivacycontrol.enabled",
      "source": "Betterfox",
      "value": true
    },
    {
      "files": [
        "src/user.js/20-privacy.js"
      ],
      "note": null,
      "pref": "privacy.query_stripping.strip_list",
      "source": "YuzuFox",
      "value": "__hsfp __hssc __hstc __s _hsenc _openstat dclid fbclid gbraid gclid hsCtaTracking igshid mc_eid ml_subscriber ml_subscriber_hash msclkid oft_c oft_ck oft_d oft_id oft_ids oft_k oft_lk oft_sk oly_anon_id oly_enc_id rb_clickid s_cid twclid vero_conv vero_id wbraid wickedid yclid"
    },
    {
      "files": [
        "src/user.js/50-ui-qol.js"
      ],
      "note": "audited against upstream user.js",
      "pref": "privacy.userContext.enabled",
      "source": "Arkenfox",
      "value": true
    },
    {
      "files": [
        "src/user.js/50-ui-qol.js"
      ],
      "note": null,
      "pref": "privacy.userContext.longPressBehavior",
      "source": "YuzuFox",
      "value": 2
    },
    {
      "files": [
        "src/user.js/50-ui-qol.js"
      ],
      "note": "audited against upstream user.js",
      "pref": "privacy.userContext.ui.enabled",
      "source": "Arkenfox + Betterfox",
      "value": true
    },
    {
      "files": [
        "src/user.js/10-network.js"
      ],
      "note": "offline CRLite revocation + no speculative connections",
      "pref": "security.OCSP.enabled",
      "source": "Betterfox",
      "value": 0
    },
    {
      "files": [
        "src/user.js/10-network.js"
      ],
      "note": "audited against upstream user.js",
      "pref": "security.cert_pinning.enforcement_level",
      "source": "Arkenfox",
      "value": 2
    },
    {
      "files": [
        "src/user.js/20-privacy.js"
      ],
      "note": "audited against upstream user.js",
      "pref": "security.csp.reporting.enabled",
      "source": "Arkenfox + Betterfox",
      "value": false
    },
    {
      "files": [
        "src/user.js/10-network.js"
      ],
      "note": "audited against upstream user.js",
      "pref": "security.ssl.require_safe_negotiation",
      "source": "Arkenfox",
      "value": true
    },
    {
      "files": [
        "src/user.js/10-network.js"
      ],
      "note": "audited against upstream user.js",
      "pref": "security.ssl.treat_unsafe_negotiation_as_broken",
      "source": "Arkenfox + Betterfox",
      "value": true
    },
    {
      "files": [
        "src/user.js/10-network.js"
      ],
      "note": "audited against upstream user.js",
      "pref": "security.tls.enable_0rtt_data",
      "source": "Arkenfox + Betterfox",
      "value": false
    },
    {
      "files": [
        "src/user.js/20-privacy.js"
      ],
      "note": "audited against upstream user.js",
      "pref": "signon.autofillForms",
      "source": "Arkenfox",
      "value": false
    },
    {
      "files": [
        "src/user.js/20-privacy.js"
      ],
      "note": "audited against upstream user.js",
      "pref": "signon.formlessCapture.enabled",
      "source": "Arkenfox + Betterfox",
      "value": false
    },
    {
      "files": [
        "src/user.js/20-privacy.js"
      ],
      "note": "audited against upstream user.js",
      "pref": "signon.privateBrowsingCapture.enabled",
      "source": "Betterfox",
      "value": false
    },
    {
      "files": [
        "src/user.js/20-privacy.js"
      ],
      "note": null,
      "pref": "signon.rememberSignons",
      "source": "YuzuFox",
      "value": false
    },
    {
      "files": [
        "src/user.js/50-ui-qol.js"
      ],
      "note": "compact UI, URL-bar cleanup, and physics scrolling",
      "pref": "toolkit.legacyUserProfileCustomizations.stylesheets",
      "source": "Betterfox",
      "value": true
    },
    {
      "files": [
        "src/user.js/60-os-specific.js"
      ],
      "note": "disable Windows taskbar restart registration",
      "pref": "toolkit.winRegisterApplicationRestart",
      "source": "Arkenfox",
      "value": false
    },
    {
      "files": [
        "src/user.js/30-security.js"
      ],
      "note": null,
      "pref": "urlclassifier.features.socialtracking.skipURLs",
      "source": "YuzuFox",
      "value": "*.instagram.com, *.twitter.com, *.twimg.com"
    },
    {
      "files": [
        "src/user.js/30-security.js"
      ],
      "note": null,
      "pref": "urlclassifier.trackingSkipURLs",
      "source": "YuzuFox",
      "value": "*.reddit.com, *.twitter.com, *.twimg.com"
    }
  ],
  "sources": [
    "src/user.js/00-header.js",
    "src/user.js/10-network.js",
    "src/user.js/20-privacy.js",
    "src/user.js/30-security.js",
    "src/user.js/40-telemetry-connections.js",
    "src/user.js/45-performance.js",
    "src/user.js/50-ui-qol.js",
    "src/user.js/60-os-specific.js"
  ]
}
